
Microsoft Visual Studio Solution File, Format Version 12.00
# Visual Studio Version 17
VisualStudioVersion = 17.3.32825.248
MinimumVisualStudioVersion = 10.0.40219.1
Project("{9A19103F-16F7-4668-BE54-9A1E7A4F7556}") = "VueJSMVCDotNet", "VueJSMVCDotNet\VueJSMVCDotNet.csproj", "{DF7B32F9-BFB6-4065-8288-762F5E9BE4B1}"
EndProject
Project("{9A19103F-16F7-4668-BE54-9A1E7A4F7556}") = "TestApplication", "TestApplication\TestApplication.csproj", "{A574D550-D2D9-460A-8F3C-BDDC66FB0148}"
EndProject
Project("{FAE04EC0-301F-11D3-BF4B-00C04F79EFBC}") = "AutomatedTesting", "AutomatedTesting\AutomatedTesting.csproj", "{2E24CB35-56C0-4CBD-8531-ABFEE44569FC}"
EndProject
Global
	GlobalSection(SolutionConfigurationPlatforms) = preSolution
		Debug|Any CPU = Debug|Any CPU
		Release|Any CPU = Release|Any CPU
	EndGlobalSection
	GlobalSection(ProjectConfigurationPlatforms) = postSolution
		{DF7B32F9-BFB6-4065-8288-762F5E9BE4B1}.Debug|Any CPU.ActiveCfg = Debug|Any CPU
		{DF7B32F9-BFB6-4065-8288-762F5E9BE4B1}.Debug|Any CPU.Build.0 = Debug|Any CPU
		{DF7B32F9-BFB6-4065-8288-762F5E9BE4B1}.Release|Any CPU.ActiveCfg = Release|Any CPU
		{DF7B32F9-BFB6-4065-8288-762F5E9BE4B1}.Release|Any CPU.Build.0 = Release|Any CPU
		{A574D550-D2D9-460A-8F3C-BDDC66FB0148}.Debug|Any CPU.ActiveCfg = Debug|Any CPU
		{A574D550-D2D9-460A-8F3C-BDDC66FB0148}.Debug|Any CPU.Build.0 = Debug|Any CPU
		{A574D550-D2D9-460A-8F3C-BDDC66FB0148}.Release|Any CPU.ActiveCfg = Release|Any CPU
		{A574D550-D2D9-460A-8F3C-BDDC66FB0148}.Release|Any CPU.Build.0 = Release|Any CPU
		{2E24CB35-56C0-4CBD-8531-ABFEE44569FC}.Debug|Any CPU.ActiveCfg = Debug|Any CPU
		{2E24CB35-56C0-4CBD-8531-ABFEE44569FC}.Debug|Any CPU.Build.0 = Debug|Any CPU
		{2E24CB35-56C0-4CBD-8531-ABFEE44569FC}.Release|Any CPU.ActiveCfg = Release|Any CPU
		{2E24CB35-56C0-4CBD-8531-ABFEE44569FC}.Release|Any CPU.Build.0 = Release|Any CPU
	EndGlobalSection
	GlobalSection(SolutionProperties) = preSolution
		HideSolutionNode = FALSE
	EndGlobalSection
	GlobalSection(ExtensibilityGlobals) = postSolution
		SolutionGuid = {402D66AC-2EC4-4D98-B27B-2B0B90D3CE38}
	EndGlobalSection
EndGlobal
